
Microsoft Visual Studio Solution File, Format Version 12.00
# Visual Studio Version 16
VisualStudioVersion = 16.0.31005.135
MinimumVisualStudioVersion = 10.0.40219.1
Project("{8BC9CEB8-8B4A-11D0-8D11-00A0C91BC942}") = "wxExample1", "wxExample1\wxExample1.vcxproj", "{AE8460B0-CD72-4267-82C4-BC1DBFBE7F05}"
EndProject
Project("{8BC9CEB8-8B4A-11D0-8D11-00A0C91BC942}") = "wxExample2", "..\wxExample2\wxExample2.vcxproj", "{05BC665F-A666-41AA-B27C-635B9BC71890}"
EndProject
Project("{8BC9CEB8-8B4A-11D0-8D11-00A0C91BC942}") = "wxExample3", "..\wxExample3\wxExample3.vcxproj", "{68093F7E-F4B4-4B77-A3AC-B1A3646F7CB5}"
EndProject
Project("{8BC9CEB8-8B4A-11D0-8D11-00A0C91BC942}") = "wxExample4", "..\wxExample4\wxExample4.vcxproj", "{F8A230B8-7BBA-4C80-8419-69E251A0D6FD}"
EndProject
Global
	GlobalSection(SolutionConfigurationPlatforms) = preSolution
		Debug|x64 = Debug|x64
		Debug|x86 = Debug|x86
		Release|x64 = Release|x64
		Release|x86 = Release|x86
	EndGlobalSection
	GlobalSection(ProjectConfigurationPlatforms) = postSolution
		{AE8460B0-CD72-4267-82C4-BC1DBFBE7F05}.Debug|x64.ActiveCfg = Debug|x64
		{AE8460B0-CD72-4267-82C4-BC1DBFBE7F05}.Debug|x64.Build.0 = Debug|x64
		{AE8460B0-CD72-4267-82C4-BC1DBFBE7F05}.Debug|x86.ActiveCfg = Debug|Win32
		{AE8460B0-CD72-4267-82C4-BC1DBFBE7F05}.Debug|x86.Build.0 = Debug|Win32
		{AE8460B0-CD72-4267-82C4-BC1DBFBE7F05}.Release|x64.ActiveCfg = Release|x64
		{AE8460B0-CD72-4267-82C4-BC1DBFBE7F05}.Release|x64.Build.0 = Release|x64
		{AE8460B0-CD72-4267-82C4-BC1DBFBE7F05}.Release|x86.ActiveCfg = Release|Win32
		{AE8460B0-CD72-4267-82C4-BC1DBFBE7F05}.Release|x86.Build.0 = Release|Win32
		{05BC665F-A666-41AA-B27C-635B9BC71890}.Debug|x64.ActiveCfg = Debug|x64
		{05BC665F-A666-41AA-B27C-635B9BC71890}.Debug|x64.Build.0 = Debug|x64
		{05BC665F-A666-41AA-B27C-635B9BC71890}.Debug|x86.ActiveCfg = Debug|Win32
		{05BC665F-A666-41AA-B27C-635B9BC71890}.Debug|x86.Build.0 = Debug|Win32
		{05BC665F-A666-41AA-B27C-635B9BC71890}.Release|x64.ActiveCfg = Release|x64
		{05BC665F-A666-41AA-B27C-635B9BC71890}.Release|x64.Build.0 = Release|x64
		{05BC665F-A666-41AA-B27C-635B9BC71890}.Release|x86.ActiveCfg = Release|Win32
		{05BC665F-A666-41AA-B27C-635B9BC71890}.Release|x86.Build.0 = Release|Win32
		{68093F7E-F4B4-4B77-A3AC-B1A3646F7CB5}.Debug|x64.ActiveCfg = Debug|x64
		{68093F7E-F4B4-4B77-A3AC-B1A3646F7CB5}.Debug|x64.Build.0 = Debug|x64
		{68093F7E-F4B4-4B77-A3AC-B1A3646F7CB5}.Debug|x86.ActiveCfg = Debug|Win32
		{68093F7E-F4B4-4B77-A3AC-B1A3646F7CB5}.Debug|x86.Build.0 = Debug|Win32
		{68093F7E-F4B4-4B77-A3AC-B1A3646F7CB5}.Release|x64.ActiveCfg = Release|x64
		{68093F7E-F4B4-4B77-A3AC-B1A3646F7CB5}.Release|x64.Build.0 = Release|x64
		{68093F7E-F4B4-4B77-A3AC-B1A3646F7CB5}.Release|x86.ActiveCfg = Release|Win32
		{68093F7E-F4B4-4B77-A3AC-B1A3646F7CB5}.Release|x86.Build.0 = Release|Win32
		{F8A230B8-7BBA-4C80-8419-69E251A0D6FD}.Debug|x64.ActiveCfg = Debug|x64
		{F8A230B8-7BBA-4C80-8419-69E251A0D6FD}.Debug|x64.Build.0 = Debug|x64
		{F8A230B8-7BBA-4C80-8419-69E251A0D6FD}.Debug|x86.ActiveCfg = Debug|Win32
		{F8A230B8-7BBA-4C80-8419-69E251A0D6FD}.Debug|x86.Build.0 = Debug|Win32
		{F8A230B8-7BBA-4C80-8419-69E251A0D6FD}.Release|x64.ActiveCfg = Release|x64
		{F8A230B8-7BBA-4C80-8419-69E251A0D6FD}.Release|x64.Build.0 = Release|x64
		{F8A230B8-7BBA-4C80-8419-69E251A0D6FD}.Release|x86.ActiveCfg = Release|Win32
		{F8A230B8-7BBA-4C80-8419-69E251A0D6FD}.Release|x86.Build.0 = Release|Win32
	EndGlobalSection
	GlobalSection(SolutionProperties) = preSolution
		HideSolutionNode = FALSE
	EndGlobalSection
	GlobalSection(ExtensibilityGlobals) = postSolution
		SolutionGuid = {CB577424-CDF5-44A8-9965-EBA5DC8715A6}
	EndGlobalSection
EndGlobal
